
Microsoft Visual Studio Solution File, Format Version 12.00
# Visual Studio 2013
VisualStudioVersion = 12.0.21005.1
MinimumVisualStudioVersion = 10.0.40219.1
Project("{FAE04EC0-301F-11D3-BF4B-00C04F79EFBC}") = "ComTarget", "ComTarget\ComTarget.csproj", "{D2BE3B20-B338-4C62-B99A-A4909CEBFDC4}"
EndProject
Project("{FAE04EC0-301F-11D3-BF4B-00C04F79EFBC}") = "ComTest", "ComTest\ComTest.csproj", "{C1A4D6B9-BEF7-4A2C-9405-CE3519A5FB2B}"
EndProject
Global
	GlobalSection(SolutionConfigurationPlatforms) = preSolution
		Debug|Any CPU = Debug|Any CPU
		Release|Any CPU = Release|Any CPU
	EndGlobalSection
	GlobalSection(ProjectConfigurationPlatforms) = postSolution
		{D2BE3B20-B338-4C62-B99A-A4909CEBFDC4}.Debug|Any CPU.ActiveCfg = Debug|Any CPU
		{D2BE3B20-B338-4C62-B99A-A4909CEBFDC4}.Debug|Any CPU.Build.0 = Debug|Any CPU
		{D2BE3B20-B338-4C62-B99A-A4909CEBFDC4}.Release|Any CPU.ActiveCfg = Release|Any CPU
		{D2BE3B20-B338-4C62-B99A-A4909CEBFDC4}.Release|Any CPU.Build.0 = Release|Any CPU
		{C1A4D6B9-BEF7-4A2C-9405-CE3519A5FB2B}.Debug|Any CPU.ActiveCfg = Debug|Any CPU
		{C1A4D6B9-BEF7-4A2C-9405-CE3519A5FB2B}.Debug|Any CPU.Build.0 = Debug|Any CPU
		{C1A4D6B9-BEF7-4A2C-9405-CE3519A5FB2B}.Release|Any CPU.ActiveCfg = Release|Any CPU
		{C1A4D6B9-BEF7-4A2C-9405-CE3519A5FB2B}.Release|Any CPU.Build.0 = Release|Any CPU
	EndGlobalSection
	GlobalSection(SolutionProperties) = preSolution
		HideSolutionNode = FALSE
	EndGlobalSection
EndGlobal
